
Microsoft Visual Studio Solution File, Format Version 12.00
# Visual Studio 15
VisualStudioVersion = 15.0.28010.2050
MinimumVisualStudioVersion = 10.0.40219.1
Project("{FAE04EC0-301F-11D3-BF4B-00C04F79EFBC}") = "CES-Downloader", "CES-Downloader\CES-Downloader.csproj", "{DCFCE228-6A4A-4F9D-95B3-814FB25E0D0C}"
EndProject
Global
	GlobalSection(SolutionConfigurationPlatforms) = preSolution
		Debug|Any CPU = Debug|Any CPU
		Release|Any CPU = Release|Any CPU
	EndGlobalSection
	GlobalSection(ProjectConfigurationPlatforms) = postSolution
		{DCFCE228-6A4A-4F9D-95B3-814FB25E0D0C}.Debug|Any CPU.ActiveCfg = Debug|Any CPU
		{DCFCE228-6A4A-4F9D-95B3-814FB25E0D0C}.Debug|Any CPU.Build.0 = Debug|Any CPU
		{DCFCE228-6A4A-4F9D-95B3-814FB25E0D0C}.Release|Any CPU.ActiveCfg = Release|Any CPU
		{DCFCE228-6A4A-4F9D-95B3-814FB25E0D0C}.Release|Any CPU.Build.0 = Release|Any CPU
	EndGlobalSection
	GlobalSection(SolutionProperties) = preSolution
		HideSolutionNode = FALSE
	EndGlobalSection
	GlobalSection(ExtensibilityGlobals) = postSolution
		SolutionGuid = {394762C5-2C5A-40BB-8DB3-70F874AB07EC}
	EndGlobalSection
EndGlobal
